# THIS IS AN AUTOGENERATED FILE. DO NOT EDIT THIS FILE DIRECTLY.
# yarn lockfile v1


argparse@^2.0.1:
  version "2.0.1"
  resolved "https://registry.yarnpkg.com/argparse/-/argparse-2.0.1.tgz#246f50f3ca78a3240f6c997e8a9bd1eac49e4b38"
  integrity sha512-8+9WqebbFzpX9OR+Wa6O29asIogeRMzcGtAINdpMHHyAg10f05aSFVBbcEqGf/PXw1EjAZ+q2/bEBg3DvurK3Q==

js-yaml@^4.1.0:
  version "4.1.0"
  resolved "https://registry.yarnpkg.com/js-yaml/-/js-yaml-4.1.0.tgz#c1fb65f8f5017901cdd2c951864ba18458a10602"
  integrity sha512-wpxZs9NoxZaJESJGIZTyDEaYpl0FKSA+FB9aJiyemKhMwkxQg63h4T1KJgUGHpTqPDNRcmmYLugrRjJlBtWvRA==
  dependencies:
    argparse "^2.0.1"

node-fetch@2.6.1:
  version "2.6.1"
  resolved "https://registry.yarnpkg.com/node-fetch/-/node-fetch-2.6.1.tgz#045bd323631f76ed2e2b55573394416b639a0052"
  integrity sha512-V4aYg89jEoVRxRb2fJdAg8FHvI7cEyYdVAh94HH0UIK8oJxUfkjlDQN9RbMx+bEjP7+ggMiFRprSti032Oipxw==

playwright-core@1.29.2:
  version "1.29.2"
  resolved "https://registry.yarnpkg.com/playwright-core/-/playwright-core-1.29.2.tgz#2e8347e7e8522409f22b244e600e703b64022406"
  integrity sha512-94QXm4PMgFoHAhlCuoWyaBYKb92yOcGVHdQLoxQ7Wjlc7Flg4aC/jbFW7xMR52OfXMVkWicue4WXE7QEegbIRA==

playwright@^1.12.2:
  version "1.29.2"
  resolved "https://registry.yarnpkg.com/playwright/-/playwright-1.29.2.tgz#d6a0a3e8e44f023f7956ed19ffa8af915a042769"
  integrity sha512-hKBYJUtdmYzcjdhYDkP9WGtORwwZBBKAW8+Lz7sr0ZMxtJr04ASXVzH5eBWtDkdb0c3LLFsehfPBTRfvlfKJOA==
  dependencies:
    playwright-core "1.29.2"
